#MicroXplorer Configuration settings - do not modify
ADC3.Channel-0\#ChannelRegularConversion=ADC_CHANNEL_TEMPSENSOR
ADC3.IPParameters=Rank-0\#ChannelRegularConversion,Channel-0\#ChannelRegularConversion,SamplingTime-0\#ChannelRegularConversion,OffsetNumber-0\#ChannelRegularConversion,OffsetSignedSaturation-0\#ChannelRegularConversion,NbrOfConversionFlag
ADC3.NbrOfConversionFlag=1
ADC3.OffsetNumber-0\#ChannelRegularConversion=ADC_OFFSET_NONE
ADC3.OffsetSignedSaturation-0\#ChannelRegularConversion=DISABLE
ADC3.Rank-0\#ChannelRegularConversion=1
ADC3.SamplingTime-0\#ChannelRegularConversion=ADC_SAMPLETIME_1CYCLE_5
CortexM4.IPs=CORTEX_M4\:I,DEBUG,FATFS_M4\:I,FREERTOS_M4\:I,IWDG2\:I,OPENAMP_M4\:I,PDM2PCM_M4\:I,PWR,RCC,RESMGR_UTILITY,SYS_M4\:I,USB_DEVICE_M4\:I,USB_HOST_M4\:I,VREFBUF,WWDG2\:I,DMA,BDMA,MDMA,NVIC2\:I,ADC3\:I,SDMMC1\:I,USB_OTG_HS\:I,LTDC\:I,DSIHOST\:I,FMC\:I,TIM1\:I,SAI1\:I
CortexM7.IPs=CORTEX_M7\:I,DEBUG\:I,FATFS_M7\:I,FREERTOS_M7\:I,IWDG1\:I,OPENAMP_M7\:I,PDM2PCM_M7\:I,PWR\:I,RCC\:I,RESMGR_UTILITY\:I,SYS\:I,USB_DEVICE_M7\:I,USB_HOST_M7\:I,VREFBUF\:I,WWDG1\:I,DMA\:I,BDMA\:I,MDMA\:I,NVIC1\:I,DMA2D\:I,JPEG\:I,FMC
FMC.CASLatency1=FMC_SDRAM_CAS_LATENCY_3
FMC.ColumnBitsNumber1=FMC_SDRAM_COLUMN_BITS_NUM_10
FMC.IPParameters=ColumnBitsNumber1,CASLatency1,SDClockPeriod1,SDClockPeriod2,ReadBurst1,ReadBurst2,ReadPipeDelay1,ReadPipeDelay2
FMC.ReadBurst1=FMC_SDRAM_RBURST_ENABLE
FMC.ReadBurst2=FMC_SDRAM_RBURST_ENABLE
FMC.ReadPipeDelay1=FMC_SDRAM_RPIPE_DELAY_2
FMC.ReadPipeDelay2=FMC_SDRAM_RPIPE_DELAY_2
FMC.SDClockPeriod1=FMC_SDRAM_CLOCK_PERIOD_2
FMC.SDClockPeriod2=FMC_SDRAM_CLOCK_PERIOD_2
File.Version=6
GPIO.groupedBy=Group By Peripherals
KeepUserPlacement=false
Mcu.Context0=CortexM7
Mcu.Context1=CortexM4
Mcu.ContextNb=2
Mcu.Family=STM32H7
Mcu.IP0=ADC3
Mcu.IP1=CORTEX_M4
Mcu.IP10=SAI1
Mcu.IP11=SDMMC1
Mcu.IP12=SYS_M4
Mcu.IP13=SYS
Mcu.IP14=TIM1
Mcu.IP15=USB_OTG_HS
Mcu.IP2=CORTEX_M7
Mcu.IP3=DEBUG
Mcu.IP4=FATFS_M4
Mcu.IP5=FMC
Mcu.IP6=LTDC
Mcu.IP7=NVIC1
Mcu.IP8=NVIC2
Mcu.IP9=RCC
Mcu.IPNb=16
Mcu.Name=STM32H747BITx
Mcu.Package=LQFP208
Mcu.Pin0=PE2
Mcu.Pin1=PE4
Mcu.Pin10=PF1
Mcu.Pin100=PA15 (JTDI)
Mcu.Pin101=PC10
Mcu.Pin102=PC11
Mcu.Pin103=PC12
Mcu.Pin104=PD0
Mcu.Pin105=PD1
Mcu.Pin106=PD2
Mcu.Pin107=PD6
Mcu.Pin108=PG9
Mcu.Pin109=PG10
Mcu.Pin11=PF2
Mcu.Pin110=PG11
Mcu.Pin111=PG12
Mcu.Pin112=PG14
Mcu.Pin113=PG15
Mcu.Pin114=PB3 (JTDO/TRACESWO)
Mcu.Pin115=PB4 (NJTRST)
Mcu.Pin116=PB5
Mcu.Pin117=PB6
Mcu.Pin118=PB7
Mcu.Pin119=PB8
Mcu.Pin12=PF3
Mcu.Pin120=PB9
Mcu.Pin121=PE0
Mcu.Pin122=PE1
Mcu.Pin123=PI4
Mcu.Pin124=PI5
Mcu.Pin125=PI6
Mcu.Pin126=VP_ADC3_TempSens_Input
Mcu.Pin127=VP_FATFS_M4_VS_SDIO
Mcu.Pin128=VP_RCC_USB
Mcu.Pin129=VP_SYS_VS_Systick
Mcu.Pin13=PF4
Mcu.Pin130=VP_SYS_M4_VS_Systick
Mcu.Pin131=VP_TIM1_VS_ClockSourceINT
Mcu.Pin14=PF5
Mcu.Pin15=PF6
Mcu.Pin16=PF7
Mcu.Pin17=PF8
Mcu.Pin18=PF9
Mcu.Pin19=PF10
Mcu.Pin2=PE5
Mcu.Pin20=PH0-OSC_IN (PH0)
Mcu.Pin21=PH1-OSC_OUT (PH1)
Mcu.Pin22=PC0
Mcu.Pin23=PC1
Mcu.Pin24=PC2_C
Mcu.Pin25=PC3_C
Mcu.Pin26=PA0
Mcu.Pin27=PA1
Mcu.Pin28=PA2
Mcu.Pin29=PH2
Mcu.Pin3=PE6
Mcu.Pin30=PH3
Mcu.Pin31=PH4
Mcu.Pin32=PH5
Mcu.Pin33=PA3
Mcu.Pin34=PA5
Mcu.Pin35=PA6
Mcu.Pin36=PA7
Mcu.Pin37=PC4
Mcu.Pin38=PC5
Mcu.Pin39=PB0
Mcu.Pin4=PC13
Mcu.Pin40=PB1
Mcu.Pin41=PB2
Mcu.Pin42=PI15
Mcu.Pin43=PF11
Mcu.Pin44=PF12
Mcu.Pin45=PF13
Mcu.Pin46=PF14
Mcu.Pin47=PF15
Mcu.Pin48=PG0
Mcu.Pin49=PG1
Mcu.Pin5=PC14-OSC32_IN (OSC32_IN)
Mcu.Pin50=PE7
Mcu.Pin51=PE8
Mcu.Pin52=PE9
Mcu.Pin53=PE10
Mcu.Pin54=PE11
Mcu.Pin55=PE12
Mcu.Pin56=PE13
Mcu.Pin57=PE14
Mcu.Pin58=PE15
Mcu.Pin59=PB10
Mcu.Pin6=PI9
Mcu.Pin60=PB11
Mcu.Pin61=PH6
Mcu.Pin62=PH7
Mcu.Pin63=PH8
Mcu.Pin64=PH9
Mcu.Pin65=PH10
Mcu.Pin66=PH11
Mcu.Pin67=PH12
Mcu.Pin68=PB12
Mcu.Pin69=PB13
Mcu.Pin7=PI10
Mcu.Pin70=PB14
Mcu.Pin71=PB15
Mcu.Pin72=PD8
Mcu.Pin73=PD9
Mcu.Pin74=PD10
Mcu.Pin75=PD11
Mcu.Pin76=PD12
Mcu.Pin77=PD13
Mcu.Pin78=PD14
Mcu.Pin79=PD15
Mcu.Pin8=PI11
Mcu.Pin80=PG2
Mcu.Pin81=PG4
Mcu.Pin82=PG5
Mcu.Pin83=PG6
Mcu.Pin84=PG7
Mcu.Pin85=PG8
Mcu.Pin86=PC8
Mcu.Pin87=PC9
Mcu.Pin88=PA8
Mcu.Pin89=PA10
Mcu.Pin9=PF0
Mcu.Pin90=PA11
Mcu.Pin91=PA13 (JTMS/SWDIO)
Mcu.Pin92=PH13
Mcu.Pin93=PH14
Mcu.Pin94=PH15
Mcu.Pin95=PI0
Mcu.Pin96=PI1
Mcu.Pin97=PI2
Mcu.Pin98=PI3
Mcu.Pin99=PA14 (JTCK/SWCLK)
Mcu.PinsNb=132
Mcu.ThirdPartyNb=0
Mcu.UserConstants=
Mcu.UserName=STM32H747BITx
MxCube.Version=6.2.1
MxDb.Version=DB.6.0.21
NVIC1.BusFault_IRQn=true\:0\:0\:false\:false\:true\:false\:false
NVIC1.DebugMonitor_IRQn=true\:0\:0\:false\:false\:true\:false\:false
NVIC1.ForceEnableDMAVector=true
NVIC1.HardFault_IRQn=true\:0\:0\:false\:false\:true\:false\:false
NVIC1.MemoryManagement_IRQn=true\:0\:0\:false\:false\:true\:false\:false
NVIC1.NonMaskableInt_IRQn=true\:0\:0\:false\:false\:true\:false\:false
NVIC1.PendSV_IRQn=true\:0\:0\:false\:false\:true\:false\:false
NVIC1.PriorityGroup=NVIC_PRIORITYGROUP_4
NVIC1.SVCall_IRQn=true\:0\:0\:false\:false\:true\:false\:false
NVIC1.SysTick_IRQn=true\:0\:0\:false\:false\:true\:false\:true
NVIC1.UsageFault_IRQn=true\:0\:0\:false\:false\:true\:false\:false
NVIC2.BusFault_IRQn=true\:0\:0\:false\:false\:true\:false\:false
NVIC2.DebugMonitor_IRQn=true\:0\:0\:false\:false\:true\:false\:false
NVIC2.ForceEnableDMAVector=true
NVIC2.HardFault_IRQn=true\:0\:0\:false\:false\:true\:false\:false
NVIC2.MemoryManagement_IRQn=true\:0\:0\:false\:false\:true\:false\:false
NVIC2.NonMaskableInt_IRQn=true\:0\:0\:false\:false\:true\:false\:false
NVIC2.PendSV_IRQn=true\:0\:0\:false\:false\:true\:false\:false
NVIC2.PriorityGroup=NVIC_PRIORITYGROUP_4
NVIC2.SVCall_IRQn=true\:0\:0\:false\:false\:true\:false\:false
NVIC2.SysTick_IRQn=true\:0\:0\:false\:false\:true\:false\:true
NVIC2.UsageFault_IRQn=true\:0\:0\:false\:false\:true\:false\:false
PA0.Locked=true
PA0.Signal=S_TIM2_CH1
PA1.GPIOParameters=PinAttribute
PA1.Mode=RGB888
PA1.PinAttribute=CortexM4
PA1.Signal=LTDC_R2
PA10.GPIOParameters=PinAttribute
PA10.Mode=RGB888
PA10.PinAttribute=CortexM4
PA10.Signal=LTDC_B1
PA11.GPIOParameters=PinAttribute
PA11.Locked=true
PA11.PinAttribute=CortexM4
PA11.Signal=S_TIM1_CH4
PA13\ (JTMS/SWDIO).GPIOParameters=PinAttribute
PA13\ (JTMS/SWDIO).Mode=Serial_Wire
PA13\ (JTMS/SWDIO).PinAttribute=CortexM7
PA13\ (JTMS/SWDIO).Signal=DEBUG_JTMS-SWDIO
PA14\ (JTCK/SWCLK).GPIOParameters=PinAttribute
PA14\ (JTCK/SWCLK).Mode=Serial_Wire
PA14\ (JTCK/SWCLK).PinAttribute=CortexM7
PA14\ (JTCK/SWCLK).Signal=DEBUG_JTCK-SWCLK
PA15\ (JTDI).GPIOParameters=PinAttribute
PA15\ (JTDI).Locked=true
PA15\ (JTDI).PinAttribute=Free
PA15\ (JTDI).Signal=GPIO_Output
PA2.GPIOParameters=PinAttribute
PA2.Mode=RGB888
PA2.PinAttribute=CortexM4
PA2.Signal=LTDC_R1
PA3.GPIOParameters=PinAttribute
PA3.Mode=RGB888
PA3.PinAttribute=CortexM4
PA3.Signal=LTDC_B5
PA5.GPIOParameters=PinAttribute
PA5.Mode=RGB888
PA5.PinAttribute=CortexM4
PA5.Signal=LTDC_R4
PA6.GPIOParameters=PinAttribute
PA6.Mode=RGB888
PA6.PinAttribute=CortexM4
PA6.Signal=LTDC_G2
PA7.Locked=true
PA7.Signal=ADCx_INP7
PA8.GPIOParameters=PinAttribute
PA8.Mode=RGB888
PA8.PinAttribute=CortexM4
PA8.Signal=LTDC_B3
PB0.GPIOParameters=PinAttribute
PB0.Mode=RGB888
PB0.PinAttribute=CortexM4
PB0.Signal=LTDC_R3
PB1.GPIOParameters=PinAttribute
PB1.Mode=RGB888
PB1.PinAttribute=CortexM4
PB1.Signal=LTDC_G0
PB10.GPIOParameters=PinAttribute
PB10.Mode=RGB888
PB10.PinAttribute=CortexM4
PB10.Signal=LTDC_G4
PB11.GPIOParameters=PinAttribute
PB11.Locked=true
PB11.PinAttribute=Free
PB11.Signal=GPXTI11
PB12.GPIOParameters=PinAttribute
PB12.Locked=true
PB12.PinAttribute=Free
PB12.Signal=GPXTI12
PB13.GPIOParameters=PinAttribute
PB13.Locked=true
PB13.Mode=Activate_VBUS_FS
PB13.PinAttribute=CortexM4
PB13.Signal=USB_OTG_HS_VBUS
PB14.GPIOParameters=PinAttribute
PB14.Mode=Device_Only_FS
PB14.PinAttribute=CortexM4
PB14.Signal=USB_OTG_HS_DM
PB15.GPIOParameters=PinAttribute
PB15.Mode=Device_Only_FS
PB15.PinAttribute=CortexM4
PB15.Signal=USB_OTG_HS_DP
PB2.GPIOParameters=PinAttribute
PB2.Locked=true
PB2.PinAttribute=Free
PB2.Signal=GPXTI2
PB3\ (JTDO/TRACESWO).GPIOParameters=PinAttribute
PB3\ (JTDO/TRACESWO).Locked=true
PB3\ (JTDO/TRACESWO).PinAttribute=CortexM7
PB3\ (JTDO/TRACESWO).Signal=DEBUG_JTDO-SWO
PB4\ (NJTRST).GPIOParameters=PinAttribute
PB4\ (NJTRST).Locked=true
PB4\ (NJTRST).PinAttribute=Free
PB4\ (NJTRST).Signal=GPXTI4
PB5.Locked=true
PB5.Signal=SPI1_MOSI
PB6.Locked=true
PB6.Signal=I2C4_SCL
PB7.Locked=true
PB7.Signal=I2C4_SDA
PB8.GPIOParameters=PinAttribute
PB8.Mode=RGB888
PB8.PinAttribute=CortexM4
PB8.Signal=LTDC_B6
PB9.GPIOParameters=PinAttribute
PB9.Mode=RGB888
PB9.PinAttribute=CortexM4
PB9.Signal=LTDC_B7
PC0.GPIOParameters=PinAttribute
PC0.PinAttribute=CortexM4
PC0.Signal=FMC_SDNWE
PC1.GPIOParameters=PinAttribute
PC1.Mode=SAI_A_MasterWithClock
PC1.PinAttribute=CortexM4
PC1.Signal=SAI1_SD_A
PC10.GPIOParameters=PinAttribute
PC10.Mode=SD_4_bits_Wide_bus
PC10.PinAttribute=CortexM4
PC10.Signal=SDMMC1_D2
PC11.GPIOParameters=PinAttribute
PC11.Mode=SD_4_bits_Wide_bus
PC11.PinAttribute=CortexM4
PC11.Signal=SDMMC1_D3
PC12.GPIOParameters=PinAttribute
PC12.Mode=SD_4_bits_Wide_bus
PC12.PinAttribute=CortexM4
PC12.Signal=SDMMC1_CK
PC13.GPIOParameters=PinAttribute
PC13.Locked=true
PC13.PinAttribute=Free
PC13.Signal=GPIO_Output
PC14-OSC32_IN\ (OSC32_IN).GPIOParameters=PinAttribute
PC14-OSC32_IN\ (OSC32_IN).Locked=true
PC14-OSC32_IN\ (OSC32_IN).PinAttribute=Free
PC14-OSC32_IN\ (OSC32_IN).Signal=GPXTI14
PC2_C.GPIOParameters=PinAttribute
PC2_C.Mode=SdramChipSelect1_1
PC2_C.PinAttribute=CortexM4
PC2_C.Signal=FMC_SDNE0
PC3_C.GPIOParameters=PinAttribute
PC3_C.Mode=SdramChipSelect1_1
PC3_C.PinAttribute=CortexM4
PC3_C.Signal=FMC_SDCKE0
PC4.Locked=true
PC4.Signal=ADCx_INP4
PC5.Locked=true
PC5.Signal=ADCx_INP8
PC8.GPIOParameters=PinAttribute
PC8.Mode=SD_4_bits_Wide_bus
PC8.PinAttribute=CortexM4
PC8.Signal=SDMMC1_D0
PC9.GPIOParameters=PinAttribute
PC9.Mode=SD_4_bits_Wide_bus
PC9.PinAttribute=CortexM4
PC9.Signal=SDMMC1_D1
PD0.GPIOParameters=PinAttribute
PD0.PinAttribute=CortexM4
PD0.Signal=FMC_D2_DA2
PD1.GPIOParameters=PinAttribute
PD1.PinAttribute=CortexM4
PD1.Signal=FMC_D3_DA3
PD10.GPIOParameters=PinAttribute
PD10.PinAttribute=CortexM4
PD10.Signal=FMC_D15_DA15
PD11.GPIOParameters=PinAttribute
PD11.Locked=true
PD11.PinAttribute=Free
PD11.Signal=GPIO_Output
PD12.GPIOParameters=PinAttribute
PD12.Locked=true
PD12.PinAttribute=Free
PD12.Signal=GPIO_Output
PD13.GPIOParameters=PinAttribute
PD13.Locked=true
PD13.PinAttribute=Free
PD13.Signal=GPIO_Output
PD14.GPIOParameters=PinAttribute
PD14.PinAttribute=CortexM4
PD14.Signal=FMC_D0_DA0
PD15.GPIOParameters=PinAttribute
PD15.PinAttribute=CortexM4
PD15.Signal=FMC_D1_DA1
PD2.GPIOParameters=PinAttribute
PD2.Mode=SD_4_bits_Wide_bus
PD2.PinAttribute=CortexM4
PD2.Signal=SDMMC1_CMD
PD6.GPIOParameters=PinAttribute
PD6.Mode=RGB888
PD6.PinAttribute=CortexM4
PD6.Signal=LTDC_B2
PD8.GPIOParameters=PinAttribute
PD8.PinAttribute=CortexM4
PD8.Signal=FMC_D13_DA13
PD9.GPIOParameters=PinAttribute
PD9.PinAttribute=CortexM4
PD9.Signal=FMC_D14_DA14
PE0.GPIOParameters=PinAttribute
PE0.PinAttribute=CortexM4
PE0.Signal=FMC_NBL0
PE1.GPIOParameters=PinAttribute
PE1.PinAttribute=CortexM4
PE1.Signal=FMC_NBL1
PE10.GPIOParameters=PinAttribute
PE10.PinAttribute=CortexM4
PE10.Signal=FMC_D7_DA7
PE11.GPIOParameters=PinAttribute
PE11.PinAttribute=CortexM4
PE11.Signal=FMC_D8_DA8
PE12.GPIOParameters=PinAttribute
PE12.PinAttribute=CortexM4
PE12.Signal=FMC_D9_DA9
PE13.GPIOParameters=PinAttribute
PE13.PinAttribute=CortexM4
PE13.Signal=FMC_D10_DA10
PE14.GPIOParameters=PinAttribute
PE14.PinAttribute=CortexM4
PE14.Signal=FMC_D11_DA11
PE15.GPIOParameters=PinAttribute
PE15.PinAttribute=CortexM4
PE15.Signal=FMC_D12_DA12
PE2.GPIOParameters=PinAttribute
PE2.Mode=SAI_A_MasterWithClock
PE2.PinAttribute=CortexM4
PE2.Signal=SAI1_MCLK_A
PE4.GPIOParameters=PinAttribute
PE4.Mode=SAI_A_MasterWithClock
PE4.PinAttribute=CortexM4
PE4.Signal=SAI1_FS_A
PE5.GPIOParameters=PinAttribute
PE5.Mode=SAI_A_MasterWithClock
PE5.PinAttribute=CortexM4
PE5.Signal=SAI1_SCK_A
PE6.GPIOParameters=PinAttribute
PE6.Mode=RGB888
PE6.PinAttribute=CortexM4
PE6.Signal=LTDC_G1
PE7.GPIOParameters=PinAttribute
PE7.PinAttribute=CortexM4
PE7.Signal=FMC_D4_DA4
PE8.GPIOParameters=PinAttribute
PE8.PinAttribute=CortexM4
PE8.Signal=FMC_D5_DA5
PE9.GPIOParameters=PinAttribute
PE9.PinAttribute=CortexM4
PE9.Signal=FMC_D6_DA6
PF0.GPIOParameters=PinAttribute
PF0.PinAttribute=CortexM4
PF0.Signal=FMC_A0
PF1.GPIOParameters=PinAttribute
PF1.PinAttribute=CortexM4
PF1.Signal=FMC_A1
PF10.GPIOParameters=PinAttribute
PF10.Mode=RGB888
PF10.PinAttribute=CortexM4
PF10.Signal=LTDC_DE
PF11.GPIOParameters=PinAttribute
PF11.PinAttribute=CortexM4
PF11.Signal=FMC_SDNRAS
PF12.GPIOParameters=PinAttribute
PF12.PinAttribute=CortexM4
PF12.Signal=FMC_A6
PF13.GPIOParameters=PinAttribute
PF13.PinAttribute=CortexM4
PF13.Signal=FMC_A7
PF14.GPIOParameters=PinAttribute
PF14.PinAttribute=CortexM4
PF14.Signal=FMC_A8
PF15.GPIOParameters=PinAttribute
PF15.PinAttribute=CortexM4
PF15.Signal=FMC_A9
PF2.GPIOParameters=PinAttribute
PF2.PinAttribute=CortexM4
PF2.Signal=FMC_A2
PF3.GPIOParameters=PinAttribute
PF3.PinAttribute=CortexM4
PF3.Signal=FMC_A3
PF4.GPIOParameters=PinAttribute
PF4.PinAttribute=CortexM4
PF4.Signal=FMC_A4
PF5.GPIOParameters=PinAttribute
PF5.PinAttribute=CortexM4
PF5.Signal=FMC_A5
PF6.Locked=true
PF6.Signal=SPI5_NSS
PF7.Locked=true
PF7.Signal=SPI5_SCK
PF8.Locked=true
PF8.Signal=SPI5_MISO
PF9.Locked=true
PF9.Signal=SPI5_MOSI
PG0.GPIOParameters=PinAttribute
PG0.PinAttribute=CortexM4
PG0.Signal=FMC_A10
PG1.GPIOParameters=PinAttribute
PG1.PinAttribute=CortexM4
PG1.Signal=FMC_A11
PG10.Locked=true
PG10.Signal=SPI1_NSS
PG11.Locked=true
PG11.Signal=SPI1_SCK
PG12.GPIOParameters=PinAttribute
PG12.Mode=RGB888
PG12.PinAttribute=CortexM4
PG12.Signal=LTDC_B4
PG14.GPIOParameters=PinAttribute
PG14.Mode=RGB888
PG14.PinAttribute=CortexM4
PG14.Signal=LTDC_B0
PG15.GPIOParameters=PinAttribute
PG15.PinAttribute=CortexM4
PG15.Signal=FMC_SDNCAS
PG2.GPIOParameters=PinAttribute
PG2.PinAttribute=CortexM4
PG2.Signal=FMC_A12
PG4.GPIOParameters=PinAttribute
PG4.PinAttribute=CortexM4
PG4.Signal=FMC_A14_BA0
PG5.GPIOParameters=PinAttribute
PG5.PinAttribute=CortexM4
PG5.Signal=FMC_A15_BA1
PG6.GPIOParameters=PinAttribute
PG6.Mode=RGB888
PG6.PinAttribute=CortexM4
PG6.Signal=LTDC_R7
PG7.GPIOParameters=PinAttribute
PG7.Mode=RGB888
PG7.PinAttribute=CortexM4
PG7.Signal=LTDC_CLK
PG8.GPIOParameters=PinAttribute
PG8.PinAttribute=CortexM4
PG8.Signal=FMC_SDCLK
PG9.Locked=true
PG9.Signal=SPI1_MISO
PH0-OSC_IN\ (PH0).GPIOParameters=PinAttribute
PH0-OSC_IN\ (PH0).Mode=HSE-External-Oscillator
PH0-OSC_IN\ (PH0).PinAttribute=CortexM7
PH0-OSC_IN\ (PH0).Signal=RCC_OSC_IN
PH1-OSC_OUT\ (PH1).GPIOParameters=PinAttribute
PH1-OSC_OUT\ (PH1).Mode=HSE-External-Oscillator
PH1-OSC_OUT\ (PH1).PinAttribute=CortexM7
PH1-OSC_OUT\ (PH1).Signal=RCC_OSC_OUT
PH10.GPIOParameters=PinAttribute
PH10.Locked=true
PH10.PinAttribute=Free
PH10.Signal=GPXTI10
PH11.GPIOParameters=PinAttribute
PH11.Mode=RGB888
PH11.PinAttribute=CortexM4
PH11.Signal=LTDC_R5
PH12.GPIOParameters=PinAttribute
PH12.Mode=RGB888
PH12.PinAttribute=CortexM4
PH12.Signal=LTDC_R6
PH13.GPIOParameters=PinAttribute
PH13.Locked=true
PH13.PinAttribute=Free
PH13.Signal=GPXTI13
PH14.GPIOParameters=PinAttribute
PH14.Mode=RGB888
PH14.PinAttribute=CortexM4
PH14.Signal=LTDC_G3
PH15.GPIOParameters=PinAttribute
PH15.Locked=true
PH15.PinAttribute=Free
PH15.Signal=GPXTI15
PH2.GPIOParameters=PinAttribute
PH2.Mode=RGB888
PH2.PinAttribute=CortexM4
PH2.Signal=LTDC_R0
PH3.GPIOParameters=PinAttribute
PH3.Locked=true
PH3.PinAttribute=Free
PH3.Signal=GPXTI3
PH4.GPIOParameters=PinAttribute
PH4.Mode=RGB888
PH4.PinAttribute=CortexM4
PH4.Signal=LTDC_G5
PH5.GPIOParameters=PinAttribute
PH5.Locked=true
PH5.PinAttribute=Free
PH5.Signal=GPXTI5
PH6.GPIOParameters=PinAttribute
PH6.Locked=true
PH6.PinAttribute=Free
PH6.Signal=GPXTI6
PH7.GPIOParameters=PinAttribute
PH7.Locked=true
PH7.PinAttribute=Free
PH7.Signal=GPXTI7
PH8.GPIOParameters=PinAttribute
PH8.Locked=true
PH8.PinAttribute=Free
PH8.Signal=GPXTI8
PH9.GPIOParameters=PinAttribute
PH9.Locked=true
PH9.PinAttribute=Free
PH9.Signal=GPXTI9
PI0.GPIOParameters=PinAttribute
PI0.Locked=true
PI0.PinAttribute=Free
PI0.Signal=GPXTI0
PI1.GPIOParameters=PinAttribute
PI1.Locked=true
PI1.PinAttribute=Free
PI1.Signal=GPXTI1
PI10.GPIOParameters=PinAttribute
PI10.Mode=RGB888
PI10.PinAttribute=CortexM4
PI10.Signal=LTDC_HSYNC
PI11.GPIOParameters=PinAttribute
PI11.Mode=RGB888
PI11.PinAttribute=CortexM4
PI11.Signal=LTDC_G6
PI15.GPIOParameters=PinAttribute
PI15.Locked=true
PI15.PinAttribute=Free
PI15.Signal=GPIO_Output
PI2.GPIOParameters=PinAttribute
PI2.Mode=RGB888
PI2.PinAttribute=CortexM4
PI2.Signal=LTDC_G7
PI3.GPIOParameters=PinAttribute
PI3.Locked=true
PI3.PinAttribute=Free
PI3.Signal=GPIO_Output
PI4.GPIOParameters=PinAttribute
PI4.Locked=true
PI4.PinAttribute=Free
PI4.Signal=GPIO_Output
PI5.GPIOParameters=PinAttribute
PI5.Locked=true
PI5.PinAttribute=Free
PI5.Signal=GPIO_Output
PI6.GPIOParameters=PinAttribute
PI6.Locked=true
PI6.PinAttribute=Free
PI6.Signal=GPIO_Output
PI9.GPIOParameters=PinAttribute
PI9.Mode=RGB888
PI9.PinAttribute=CortexM4
PI9.Signal=LTDC_VSYNC
PinOutPanel.RotationAngle=0
ProjectManager.AskForMigrate=true
ProjectManager.BackupPrevious=false
ProjectManager.BootMode=boot0
ProjectManager.CompilerOptimize=6
ProjectManager.ComputerToolchain=false
ProjectManager.CoupleFile=false
ProjectManager.CustomerFirmwarePackage=
ProjectManager.DefaultFWLocation=true
ProjectManager.DeletePrevious=true
ProjectManager.DeviceId=STM32H747BITx
ProjectManager.FirmwarePackage=STM32Cube FW_H7 V1.9.1
ProjectManager.FreePins=false
ProjectManager.HalAssertFull=false
ProjectManager.HeapSize=0x200
ProjectManager.KeepUserCode=true
ProjectManager.LastFirmware=true
ProjectManager.LibraryCopy=0
ProjectManager.MainLocation=Core/Src
ProjectManager.NoMain=false
ProjectManager.PreviousToolchain=
ProjectManager.ProjectBuild=false
ProjectManager.ProjectFileName=cubemx.ioc
ProjectManager.ProjectName=cubemx
ProjectManager.RegisterCallBack=
ProjectManager.StackSize=0x400
ProjectManager.TargetToolchain=EWARM V8.32
ProjectManager.ToolChainLocation=
ProjectManager.UnderRoot=false
ProjectManager.functionlistsort=1-MX_GPIO_Init-GPIO-false-HAL-true-CortexM7,2-SystemClock_Config-RCC-false-HAL-false-CortexM7,3-MX_FMC_Init-FMC-true-HAL-false-CortexM7,1-MX_GPIO_Init-GPIO-false-HAL-true-CortexM4,2-MX_ADC3_Init-ADC3-false-HAL-true-CortexM4,3-MX_FMC_Init-FMC-false-HAL-true-CortexM4,4-MX_LTDC_Init-LTDC-false-HAL-true-CortexM4,5-MX_SAI1_Init-SAI1-false-HAL-true-CortexM4,6-MX_SDMMC1_SD_Init-SDMMC1-false-HAL-true-CortexM4,7-MX_TIM1_Init-TIM1-false-HAL-true-CortexM4,8-MX_USB_OTG_HS_PCD_Init-USB_OTG_HS-false-HAL-true-CortexM4,9-MX_FATFS_Init-FATFS_M4-false-HAL-false-CortexM4,0-MX_CORTEX_M7_Init-CORTEX_M7-false-HAL-true-CortexM7,0-MX_CORTEX_M4_Init-CORTEX_M4-false-HAL-true-CortexM4
RCC.ADCCLockSelection=RCC_ADCCLKSOURCE_CLKP
RCC.ADCFreq_Value=16000000
RCC.AHB12Freq_Value=200000000
RCC.AHB4Freq_Value=200000000
RCC.APB1Freq_Value=100000000
RCC.APB2Freq_Value=100000000
RCC.APB3Freq_Value=100000000
RCC.APB4Freq_Value=100000000
RCC.AXIClockFreq_Value=200000000
RCC.CECFreq_Value=32000
RCC.CKPERFreq_Value=16000000
RCC.CKPERSourceSelection=RCC_CLKPSOURCE_HSE
RCC.CPU2Freq_Value=200000000
RCC.CPU2SystikFreq_Value=200000000
RCC.CortexFreq_Value=400000000
RCC.CpuClockFreq_Value=400000000
RCC.D1CPREFreq_Value=400000000
RCC.D1PPRE=RCC_APB3_DIV2
RCC.D2PPRE1=RCC_APB1_DIV2
RCC.D2PPRE2=RCC_APB2_DIV2
RCC.D3PPRE=RCC_APB4_DIV2
RCC.DFSDMACLkFreq_Value=55154889.787946425
RCC.DFSDMFreq_Value=100000000
RCC.DIVM1=8
RCC.DIVM2=8
RCC.DIVM3=8
RCC.DIVN1=400
RCC.DIVN2=192
RCC.DIVN3=193
RCC.DIVP1Freq_Value=400000000
RCC.DIVP2=4
RCC.DIVP2Freq_Value=96000000
RCC.DIVP3=7
RCC.DIVP3Freq_Value=55154889.787946425
RCC.DIVQ1=20
RCC.DIVQ1Freq_Value=40000000
RCC.DIVQ2Freq_Value=192000000
RCC.DIVQ3=16
RCC.DIVQ3Freq_Value=24130264.282226562
RCC.DIVR1Freq_Value=400000000
RCC.DIVR2=8
RCC.DIVR2Freq_Value=48000000
RCC.DIVR3=8
RCC.DIVR3Freq_Value=48260528.564453125
RCC.DSIFreq_Value=40000000
RCC.DSITXEscFreq_Value=10000000
RCC.FDCANFreq_Value=40000000
RCC.FMCFreq_Value=200000000
RCC.FamilyName=M
RCC.HCLK3ClockFreq_Value=200000000
RCC.HCLKFreq_Value=200000000
RCC.HPRE=RCC_HCLK_DIV2
RCC.HRTIMFreq_Value=200000000
RCC.HSE_VALUE=16000000
RCC.I2C123Freq_Value=100000000
RCC.I2C4Freq_Value=100000000
RCC.IPParameters=ADCCLockSelection,ADCFreq_Value,AHB12Freq_Value,AHB4Freq_Value,APB1Freq_Value,APB2Freq_Value,APB3Freq_Value,APB4Freq_Value,AXIClockFreq_Value,CECFreq_Value,CKPERFreq_Value,CKPERSourceSelection,CPU2Freq_Value,CPU2SystikFreq_Value,CortexFreq_Value,CpuClockFreq_Value,D1CPREFreq_Value,D1PPRE,D2PPRE1,D2PPRE2,D3PPRE,DFSDMACLkFreq_Value,DFSDMFreq_Value,DIVM1,DIVM2,DIVM3,DIVN1,DIVN2,DIVN3,DIVP1Freq_Value,DIVP2,DIVP2Freq_Value,DIVP3,DIVP3Freq_Value,DIVQ1,DIVQ1Freq_Value,DIVQ2Freq_Value,DIVQ3,DIVQ3Freq_Value,DIVR1Freq_Value,DIVR2,DIVR2Freq_Value,DIVR3,DIVR3Freq_Value,DSIFreq_Value,DSITXEscFreq_Value,FDCANFreq_Value,FMCFreq_Value,FamilyName,HCLK3ClockFreq_Value,HCLKFreq_Value,HPRE,HRTIMFreq_Value,HSE_VALUE,I2C123Freq_Value,I2C4Freq_Value,LPTIM1Freq_Value,LPTIM2Freq_Value,LPTIM345Freq_Value,LPUART1Freq_Value,LTDCFreq_Value,MCO1PinFreq_Value,MCO2PinFreq_Value,PLL2FRACN,PLL3FRACN,PLLDSIFreq_Value,PLLDSIVCOFreq_Value,PLLSourceVirtual,QSPIFreq_Value,RNGFreq_Value,RTCFreq_Value,SAI1CLockSelection,SAI1Freq_Value,SAI23Freq_Value,SAI4AFreq_Value,SAI4BFreq_Value,SDMMCFreq_Value,SPDIFRXFreq_Value,SPI123Freq_Value,SPI45Freq_Value,SPI6Freq_Value,SWPMI1Freq_Value,SYSCLKFreq_VALUE,SYSCLKSource,Tim1OutputFreq_Value,Tim2OutputFreq_Value,TraceFreq_Value,USART16Freq_Value,USART234578Freq_Value,USBCLockSelection,USBFreq_Value,VCO1OutputFreq_Value,VCO2OutputFreq_Value,VCO3OutputFreq_Value,VCOInput1Freq_Value,VCOInput2Freq_Value,VCOInput3Freq_Value
RCC.LPTIM1Freq_Value=100000000
RCC.LPTIM2Freq_Value=100000000
RCC.LPTIM345Freq_Value=100000000
RCC.LPUART1Freq_Value=100000000
RCC.LTDCFreq_Value=48260528.564453125
RCC.MCO1PinFreq_Value=64000000
RCC.MCO2PinFreq_Value=400000000
RCC.PLL2FRACN=0
RCC.PLL3FRACN=345
RCC.PLLDSIFreq_Value=320000000
RCC.PLLDSIVCOFreq_Value=640000000
RCC.PLLSourceVirtual=RCC_PLLSOURCE_HSE
RCC.QSPIFreq_Value=200000000
RCC.RNGFreq_Value=48000000
RCC.RTCFreq_Value=32000
RCC.SAI1CLockSelection=RCC_SAI1CLKSOURCE_PLL3
RCC.SAI1Freq_Value=55154889.787946425
RCC.SAI23Freq_Value=40000000
RCC.SAI4AFreq_Value=40000000
RCC.SAI4BFreq_Value=40000000
RCC.SDMMCFreq_Value=40000000
RCC.SPDIFRXFreq_Value=40000000
RCC.SPI123Freq_Value=40000000
RCC.SPI45Freq_Value=100000000
RCC.SPI6Freq_Value=100000000
RCC.SWPMI1Freq_Value=100000000
RCC.SYSCLKFreq_VALUE=400000000
RCC.SYSCLKSource=RCC_SYSCLKSOURCE_PLLCLK
RCC.Tim1OutputFreq_Value=200000000
RCC.Tim2OutputFreq_Value=200000000
RCC.TraceFreq_Value=400000000
RCC.USART16Freq_Value=100000000
RCC.USART234578Freq_Value=100000000
RCC.USBCLockSelection=RCC_USBCLKSOURCE_HSI48
RCC.USBFreq_Value=48000000
RCC.VCO1OutputFreq_Value=800000000
RCC.VCO2OutputFreq_Value=384000000
RCC.VCO3OutputFreq_Value=386084228.515625
RCC.VCOInput1Freq_Value=2000000
RCC.VCOInput2Freq_Value=2000000
RCC.VCOInput3Freq_Value=2000000
SAI1.ErrorAudioFreq-SAI_A_MasterWithClock=12.21 %
SAI1.IPParameters=Instance-SAI_A_MasterWithClock,VirtualMode-SAI_A_MasterWithClock,MClockEnable-SAI_A_MasterWithClock,RealAudioFreq-SAI_A_MasterWithClock,ErrorAudioFreq-SAI_A_MasterWithClock
SAI1.Instance-SAI_A_MasterWithClock=SAI$Index_Block_A
SAI1.MClockEnable-SAI_A_MasterWithClock=SAI_MASTERCLOCK_ENABLE
SAI1.RealAudioFreq-SAI_A_MasterWithClock=215.448 KHz
SAI1.VirtualMode-SAI_A_MasterWithClock=VM_MASTER
SH.ADCx_INP4.0=ADC1_INP4
SH.ADCx_INP4.ConfNb=1
SH.ADCx_INP7.0=ADC1_INP7
SH.ADCx_INP7.ConfNb=1
SH.ADCx_INP8.0=ADC2_INP8
SH.ADCx_INP8.ConfNb=1
SH.FMC_A0.0=FMC_A0,13b-sda1
SH.FMC_A0.ConfNb=1
SH.FMC_A1.0=FMC_A1,13b-sda1
SH.FMC_A1.ConfNb=1
SH.FMC_A10.0=FMC_A10,13b-sda1
SH.FMC_A10.ConfNb=1
SH.FMC_A11.0=FMC_A11,13b-sda1
SH.FMC_A11.ConfNb=1
SH.FMC_A12.0=FMC_A12,13b-sda1
SH.FMC_A12.ConfNb=1
SH.FMC_A14_BA0.0=FMC_BA0,FourSdramBanks1
SH.FMC_A14_BA0.ConfNb=1
SH.FMC_A15_BA1.0=FMC_BA1,FourSdramBanks1
SH.FMC_A15_BA1.ConfNb=1
SH.FMC_A2.0=FMC_A2,13b-sda1
SH.FMC_A2.ConfNb=1
SH.FMC_A3.0=FMC_A3,13b-sda1
SH.FMC_A3.ConfNb=1
SH.FMC_A4.0=FMC_A4,13b-sda1
SH.FMC_A4.ConfNb=1
SH.FMC_A5.0=FMC_A5,13b-sda1
SH.FMC_A5.ConfNb=1
SH.FMC_A6.0=FMC_A6,13b-sda1
SH.FMC_A6.ConfNb=1
SH.FMC_A7.0=FMC_A7,13b-sda1
SH.FMC_A7.ConfNb=1
SH.FMC_A8.0=FMC_A8,13b-sda1
SH.FMC_A8.ConfNb=1
SH.FMC_A9.0=FMC_A9,13b-sda1
SH.FMC_A9.ConfNb=1
SH.FMC_D0_DA0.0=FMC_D0,sd-16b-d1
SH.FMC_D0_DA0.ConfNb=1
SH.FMC_D10_DA10.0=FMC_D10,sd-16b-d1
SH.FMC_D10_DA10.ConfNb=1
SH.FMC_D11_DA11.0=FMC_D11,sd-16b-d1
SH.FMC_D11_DA11.ConfNb=1
SH.FMC_D12_DA12.0=FMC_D12,sd-16b-d1
SH.FMC_D12_DA12.ConfNb=1
SH.FMC_D13_DA13.0=FMC_D13,sd-16b-d1
SH.FMC_D13_DA13.ConfNb=1
SH.FMC_D14_DA14.0=FMC_D14,sd-16b-d1
SH.FMC_D14_DA14.ConfNb=1
SH.FMC_D15_DA15.0=FMC_D15,sd-16b-d1
SH.FMC_D15_DA15.ConfNb=1
SH.FMC_D1_DA1.0=FMC_D1,sd-16b-d1
SH.FMC_D1_DA1.ConfNb=1
SH.FMC_D2_DA2.0=FMC_D2,sd-16b-d1
SH.FMC_D2_DA2.ConfNb=1
SH.FMC_D3_DA3.0=FMC_D3,sd-16b-d1
SH.FMC_D3_DA3.ConfNb=1
SH.FMC_D4_DA4.0=FMC_D4,sd-16b-d1
SH.FMC_D4_DA4.ConfNb=1
SH.FMC_D5_DA5.0=FMC_D5,sd-16b-d1
SH.FMC_D5_DA5.ConfNb=1
SH.FMC_D6_DA6.0=FMC_D6,sd-16b-d1
SH.FMC_D6_DA6.ConfNb=1
SH.FMC_D7_DA7.0=FMC_D7,sd-16b-d1
SH.FMC_D7_DA7.ConfNb=1
SH.FMC_D8_DA8.0=FMC_D8,sd-16b-d1
SH.FMC_D8_DA8.ConfNb=1
SH.FMC_D9_DA9.0=FMC_D9,sd-16b-d1
SH.FMC_D9_DA9.ConfNb=1
SH.FMC_NBL0.0=FMC_NBL0,Sd2ByteEnable1
SH.FMC_NBL0.ConfNb=1
SH.FMC_NBL1.0=FMC_NBL1,Sd2ByteEnable1
SH.FMC_NBL1.ConfNb=1
SH.FMC_SDCLK.0=FMC_SDCLK,13b-sda1
SH.FMC_SDCLK.ConfNb=1
SH.FMC_SDNCAS.0=FMC_SDNCAS,13b-sda1
SH.FMC_SDNCAS.ConfNb=1
SH.FMC_SDNRAS.0=FMC_SDNRAS,13b-sda1
SH.FMC_SDNRAS.ConfNb=1
SH.FMC_SDNWE.0=FMC_SDNWE,13b-sda1
SH.FMC_SDNWE.ConfNb=1
SH.GPXTI0.0=GPIO_EXTI0
SH.GPXTI0.ConfNb=1
SH.GPXTI1.0=GPIO_EXTI1
SH.GPXTI1.ConfNb=1
SH.GPXTI10.0=GPIO_EXTI10
SH.GPXTI10.ConfNb=1
SH.GPXTI11.0=GPIO_EXTI11
SH.GPXTI11.ConfNb=1
SH.GPXTI12.0=GPIO_EXTI12
SH.GPXTI12.ConfNb=1
SH.GPXTI13.0=GPIO_EXTI13
SH.GPXTI13.ConfNb=1
SH.GPXTI14.0=GPIO_EXTI14
SH.GPXTI14.ConfNb=1
SH.GPXTI15.0=GPIO_EXTI15
SH.GPXTI15.ConfNb=1
SH.GPXTI2.0=GPIO_EXTI2
SH.GPXTI2.ConfNb=1
SH.GPXTI3.0=GPIO_EXTI3
SH.GPXTI3.ConfNb=1
SH.GPXTI4.0=GPIO_EXTI4
SH.GPXTI4.ConfNb=1
SH.GPXTI5.0=GPIO_EXTI5
SH.GPXTI5.ConfNb=1
SH.GPXTI6.0=GPIO_EXTI6
SH.GPXTI6.ConfNb=1
SH.GPXTI7.0=GPIO_EXTI7
SH.GPXTI7.ConfNb=1
SH.GPXTI8.0=GPIO_EXTI8
SH.GPXTI8.ConfNb=1
SH.GPXTI9.0=GPIO_EXTI9
SH.GPXTI9.ConfNb=1
SH.S_TIM1_CH4.0=TIM1_CH4
SH.S_TIM1_CH4.ConfNb=1
SH.S_TIM2_CH1.0=TIM2_CH1
SH.S_TIM2_CH1.ConfNb=1
SYS.userName=SYS_M7
USB_OTG_HS.IPParameters=VirtualMode-Device_Only_FS
USB_OTG_HS.VirtualMode-Device_Only_FS=Device_Only_FS
VP_ADC3_TempSens_Input.Mode=IN-TempSens
VP_ADC3_TempSens_Input.Signal=ADC3_TempSens_Input
VP_FATFS_M4_VS_SDIO.Mode=SDIO
VP_FATFS_M4_VS_SDIO.Signal=FATFS_M4_VS_SDIO
VP_RCC_USB.Mode=USB_HS
VP_RCC_USB.Signal=RCC_USB
VP_SYS_M4_VS_Systick.Mode=SysTick
VP_SYS_M4_VS_Systick.Signal=SYS_M4_VS_Systick
VP_SYS_VS_Systick.Mode=SysTick
VP_SYS_VS_Systick.Signal=SYS_VS_Systick
VP_TIM1_VS_ClockSourceINT.Mode=Internal
VP_TIM1_VS_ClockSourceINT.Signal=TIM1_VS_ClockSourceINT
board=custom
